DEPENDENCIES
  chef_commons
    git: https://github.com/mstr-ecosystem-cookbooks/chef-commons.git
    revision: 468f0f86acb43a6b607d535e1f1f391c00ca4a6e
    tag: 2.0.0
  docker
    git: https://github.com/mstr-ecosystem-cookbooks/docker.git
    revision: d800daf628aa2b032910b1c241487934e3273067
    tag: 0.1.33
  extras
    git: https://github.com/mstr-ecosystem-cookbooks/extras.git
    revision: 661ebc3fe837aa1b13271d663cbbe0a3724c8039
    tag: 0.1.70
  java (~> 10.0.0)
  jdk_linux
    git: https://github.com/mstr-ecosystem-cookbooks/jdk-linux.git
    revision: 756d0a3bc8b1087c32e51b1c25b0c28e8746a083
    tag: 11.0.19
  jdk_mac
    git: https://github.com/mstr-ecosystem-cookbooks/jdk-mac.git
    revision: fe7c7a1d33574116fc05e041f8357297dad32ca7
    tag: 11.0.19
  jdk_windows
    git: https://github.com/mstr-ecosystem-cookbooks/jdk-windows.git
    revision: 4a16626dba57bbc984e9f483ea1c88250dfda058
    tag: 11.0.19
  maven
    git: https://github.com/mstr-ecosystem-cookbooks/maven.git
    revision: 4c08d4482b2247743bc968356d6627d8a5cc584c
    tag: 1.0.0
  nodejs
    git: https://github.com/mstr-ecosystem-cookbooks/nodejs.git
    revision: 105156f2a225be69dcc2e523243cbdd3a2187752
    tag: 18.16.0
  seven_zip (~> 2.0.0)

GRAPH
  ark (5.1.0)
    seven_zip (>= 0.0.0)
  chef_commons (2.0.0)
    ark (>= 0.0.0)
  dmg (4.1.1)
  docker (0.1.33)
  extras (0.1.70)
    dmg (>= 0.0.0)
  java (10.0.1)
    line (>= 0.0.0)
  jdk_linux (11.0.17)
    ark (>= 0.0.0)
    java (>= 0.0.0)
  jdk_mac (11.0.17)
    ark (>= 0.0.0)
    java (>= 0.0.0)
  jdk_windows (11.0.17)
    ark (>= 0.0.0)
    java (>= 0.0.0)
  line (4.5.12)
  maven (1.0.0)
  nodejs (18.12.1)
  seven_zip (2.0.2)
    windows (>= 1.2.2)
  windows (7.0.2)
