DEPENDENCIES
  chef_commons
    git: https://github.microstrategy.com/ecosystem-cookbooks/chef_commons.git
    revision: 6ea6d618a12352593f5c19716c06814a36665afc
    tag: 1.1.22
  docker
    git: https://github.microstrategy.com/ecosystem-cookbooks/docker.git
    revision: d800daf628aa2b032910b1c241487934e3273067
    tag: 0.1.33
  extras
    git: https://github.microstrategy.com/ecosystem-cookbooks/extras.git
    revision: 7d5ecf262424d0aac3543a73cff50cafa22b0c56
    tag: 0.1.61
  java (= 4.3.0)
  java-osx
    git: https://github.microstrategy.com/ecosystem-cookbooks/java-osx.git
    revision: 96d515084ccfdc0f2192755987dfeb9b0d24e692
    tag: 0.1.1
  java-windows
    git: https://github.microstrategy.com/ecosystem-cookbooks/java-windows.git
    revision: f3ca5c50a7474f465c2709eeb9588a572701957c
    tag: 1.0.3
  java_ecosystem
    git: https://github.microstrategy.com/ecosystem-cookbooks/java_ecosystem.git
    revision: 0bc7a156ee75312710f53b73bb7a4eae057c60d6
    tag: 0.1.47
  maven
    git: https://github.microstrategy.com/ecosystem-cookbooks/maven.git
    revision: add70874962b21e7dbbd68a788342d98ec761194
    tag: 0.2.7
  nodejs
    git: https://github.microstrategy.com/ecosystem-cookbooks/nodejs.git
    revision: e39da16a582f0781eb9488b6542556fc4b0311f3
    tag: 0.1.10
  seven_zip (~> 2.0.0)

GRAPH
  ark (5.0.0)
    seven_zip (>= 0.0.0)
  chef_commons (1.1.22)
    ark (<= 5.0.0)
  dmg (4.1.1)
  docker (0.1.33)
  extras (0.1.61)
    dmg (>= 0.0.0)
  homebrew (5.2.0)
  java (4.3.0)
    homebrew (>= 0.0.0)
    windows (>= 0.0.0)
  java-osx (0.1.1)
  java-windows (1.0.3)
    windows (>= 0.0.0)
  java_ecosystem (0.1.47)
    ark (>= 0.0.0)
    java (>= 0.0.0)
    java-osx (>= 0.0.0)
    java-windows (>= 0.0.0)
  maven (0.2.7)
  nodejs (0.1.10)
  seven_zip (2.0.2)
    windows (>= 1.2.2)
  windows (7.0.2)
